
Microsoft Visual Studio Solution File, Format Version 12.00
# Visual Studio Version 16
VisualStudioVersion = 16.0.31005.135
MinimumVisualStudioVersion = 10.0.40219.1
Project("{FAE04EC0-301F-11D3-BF4B-00C04F79EFBC}") = "HajosTeszt", "HajosTeszt\HajosTeszt.csproj", "{D645EF2E-C208-40C1-AC4E-0E71F0A16AB6}"
EndProject
Global
	GlobalSection(SolutionConfigurationPlatforms) = preSolution
		Debug|Any CPU = Debug|Any CPU
		Release|Any CPU = Release|Any CPU
	EndGlobalSection
	GlobalSection(ProjectConfigurationPlatforms) = postSolution
		{D645EF2E-C208-40C1-AC4E-0E71F0A16AB6}.Debug|Any CPU.ActiveCfg = Debug|Any CPU
		{D645EF2E-C208-40C1-AC4E-0E71F0A16AB6}.Debug|Any CPU.Build.0 = Debug|Any CPU
		{D645EF2E-C208-40C1-AC4E-0E71F0A16AB6}.Release|Any CPU.ActiveCfg = Release|Any CPU
		{D645EF2E-C208-40C1-AC4E-0E71F0A16AB6}.Release|Any CPU.Build.0 = Release|Any CPU
	EndGlobalSection
	GlobalSection(SolutionProperties) = preSolution
		HideSolutionNode = FALSE
	EndGlobalSection
	GlobalSection(ExtensibilityGlobals) = postSolution
		SolutionGuid = {2A766804-9A1D-440E-9C36-CA66B0CC7E8E}
	EndGlobalSection
EndGlobal
